
Microsoft Visual Studio Solution File, Format Version 12.00
# Visual Studio 15
VisualStudioVersion = 15.0.26403.7
MinimumVisualStudioVersion = 10.0.40219.1
Project("{FAE04EC0-301F-11D3-BF4B-00C04F79EFBC}") = "wxRobot", "wxRobot\wxRobot.csproj", "{3FDD12B5-9957-4FBA-A5F2-3CA09B7D0BA0}"
EndProject
Project("{FAE04EC0-301F-11D3-BF4B-00C04F79EFBC}") = "wxRobotMachineKey", "wxRobotMachineKey\wxRobotMachineKey.csproj", "{0B9A3DDC-002F-44FB-AC91-AAA81CE19DB6}"
EndProject
Project("{FAE04EC0-301F-11D3-BF4B-00C04F79EFBC}") = "wxRobot.Util", "wxRobot.Util\wxRobot.Util.csproj", "{8BD0C357-E9D2-4134-9A02-21BEC3F76E62}"
EndProject
Global
	GlobalSection(SolutionConfigurationPlatforms) = preSolution
		Debug|Any CPU = Debug|Any CPU
		Debug|x86 = Debug|x86
		Release|Any CPU = Release|Any CPU
		Release|x86 = Release|x86
	EndGlobalSection
	GlobalSection(ProjectConfigurationPlatforms) = postSolution
		{3FDD12B5-9957-4FBA-A5F2-3CA09B7D0BA0}.Debug|Any CPU.ActiveCfg = Debug|Any CPU
		{3FDD12B5-9957-4FBA-A5F2-3CA09B7D0BA0}.Debug|Any CPU.Build.0 = Debug|Any CPU
		{3FDD12B5-9957-4FBA-A5F2-3CA09B7D0BA0}.Debug|x86.ActiveCfg = Debug|x86
		{3FDD12B5-9957-4FBA-A5F2-3CA09B7D0BA0}.Debug|x86.Build.0 = Debug|x86
		{3FDD12B5-9957-4FBA-A5F2-3CA09B7D0BA0}.Release|Any CPU.ActiveCfg = Release|Any CPU
		{3FDD12B5-9957-4FBA-A5F2-3CA09B7D0BA0}.Release|Any CPU.Build.0 = Release|Any CPU
		{3FDD12B5-9957-4FBA-A5F2-3CA09B7D0BA0}.Release|x86.ActiveCfg = Release|x86
		{3FDD12B5-9957-4FBA-A5F2-3CA09B7D0BA0}.Release|x86.Build.0 = Release|x86
		{0B9A3DDC-002F-44FB-AC91-AAA81CE19DB6}.Debug|Any CPU.ActiveCfg = Debug|Any CPU
		{0B9A3DDC-002F-44FB-AC91-AAA81CE19DB6}.Debug|Any CPU.Build.0 = Debug|Any CPU
		{0B9A3DDC-002F-44FB-AC91-AAA81CE19DB6}.Debug|x86.ActiveCfg = Debug|Any CPU
		{0B9A3DDC-002F-44FB-AC91-AAA81CE19DB6}.Debug|x86.Build.0 = Debug|Any CPU
		{0B9A3DDC-002F-44FB-AC91-AAA81CE19DB6}.Release|Any CPU.ActiveCfg = Release|Any CPU
		{0B9A3DDC-002F-44FB-AC91-AAA81CE19DB6}.Release|Any CPU.Build.0 = Release|Any CPU
		{0B9A3DDC-002F-44FB-AC91-AAA81CE19DB6}.Release|x86.ActiveCfg = Release|Any CPU
		{0B9A3DDC-002F-44FB-AC91-AAA81CE19DB6}.Release|x86.Build.0 = Release|Any CPU
		{8BD0C357-E9D2-4134-9A02-21BEC3F76E62}.Debug|Any CPU.ActiveCfg = Debug|Any CPU
		{8BD0C357-E9D2-4134-9A02-21BEC3F76E62}.Debug|Any CPU.Build.0 = Debug|Any CPU
		{8BD0C357-E9D2-4134-9A02-21BEC3F76E62}.Debug|x86.ActiveCfg = Debug|Any CPU
		{8BD0C357-E9D2-4134-9A02-21BEC3F76E62}.Debug|x86.Build.0 = Debug|Any CPU
		{8BD0C357-E9D2-4134-9A02-21BEC3F76E62}.Release|Any CPU.ActiveCfg = Release|Any CPU
		{8BD0C357-E9D2-4134-9A02-21BEC3F76E62}.Release|Any CPU.Build.0 = Release|Any CPU
		{8BD0C357-E9D2-4134-9A02-21BEC3F76E62}.Release|x86.ActiveCfg = Release|Any CPU
		{8BD0C357-E9D2-4134-9A02-21BEC3F76E62}.Release|x86.Build.0 = Release|Any CPU
	EndGlobalSection
	GlobalSection(SolutionProperties) = preSolution
		HideSolutionNode = FALSE
	EndGlobalSection
EndGlobal
